{
  "version": 4,
  "terraform_version": "0.12.19",
  "serial": 10,
  "lineage": "3baf0a8d-1cde-a695-98ea-da3a31aa668a",
  "outputs": {},
  "resources": [
    {
      "mode": "managed",
      "type": "aws_instance",
      "name": "prod",
      "provider": "provider.aws",
      "instances": [
        {
          "schema_version": 1,
          "attributes": {
            "ami": "ami-0cc0a36f626a4fdf5",
            "arn": "arn:aws:ec2:eu-central-1:124429370407:instance/i-050a5f8cf6af3e891",
            "associate_public_ip_address": true,
            "availability_zone": "eu-central-1b",
            "cpu_core_count": 1,
            "cpu_threads_per_core": 1,
            "credit_specification": [
              {
                "cpu_credits": "standard"
              }
            ],
            "disable_api_termination": false,
            "ebs_block_device": [],
            "ebs_optimized": false,
            "ephemeral_block_device": [],
            "get_password_data": false,
            "host_id": null,
            "iam_instance_profile": "",
            "id": "i-050a5f8cf6af3e891",
            "instance_initiated_shutdown_behavior": null,
            "instance_state": "running",
            "instance_type": "t2.micro",
            "ipv6_address_count": 0,
            "ipv6_addresses": [],
            "key_name": "nagios-test",
            "monitoring": false,
            "network_interface": [],
            "network_interface_id": null,
            "password_data": "",
            "placement_group": "",
            "primary_network_interface_id": "eni-046d04fd2ef472efc",
            "private_dns": "ip-172-31-47-171.eu-central-1.compute.internal",
            "private_ip": "172.31.47.171",
            "public_dns": "ec2-3-124-206-95.eu-central-1.compute.amazonaws.com",
            "public_ip": "3.124.206.95",
            "root_block_device": [
              {
                "delete_on_termination": true,
                "encrypted": false,
                "iops": 100,
                "kms_key_id": "",
                "volume_id": "vol-04072ebb0f2b8e7e0",
                "volume_size": 8,
                "volume_type": "gp2"
              }
            ],
            "security_groups": [
              "akijakya-nagios"
            ],
            "source_dest_check": true,
            "subnet_id": "subnet-a5e5bcd8",
            "tags": {
              "Name": "Nagios-to-monitor"
            },
            "tenancy": "default",
            "timeouts": null,
            "user_data": "171d105c2a265f9db318dcdbf039a840df1dee8f",
            "user_data_base64": null,
            "volume_tags": {},
            "vpc_security_group_ids": [
              "sg-0595b911160594b1e"
            ]
          },
          "private": "eyJlMmJmYjczMC1lY2FhLTExZTYtOGY4OC0zNDM2M2JjN2M0YzAiOnsiY3JlYXRlIjo2MDAwMDAwMDAwMDAsImRlbGV0ZSI6MTIwMDAwMDAwMDAwMCwidXBkYXRlIjo2MDAwMDAwMDAwMDB9LCJzY2hlbWFfdmVyc2lvbiI6IjEifQ==",
          "dependencies": [
            "aws_key_pair.nagios-test",
            "aws_security_group.akijakya-nagios"
          ]
        }
      ]
    },
    {
      "mode": "managed",
      "type": "aws_key_pair",
      "name": "nagios-test",
      "provider": "provider.aws",
      "instances": [
        {
          "schema_version": 1,
          "attributes": {
            "fingerprint": "75:77:de:1d:1f:45:0d:4f:8c:a1:df:7e:ed:b7:ac:e5",
            "id": "nagios-test",
            "key_name": "nagios-test",
            "key_name_prefix": null,
            "public_key": "ssh-rsa AAAAB3NzaC1yc2EAAAADAQABAAABgQDQbIpDUqcLRNeZ2273e2WJQU9/OkB588MLqMEFKNEDnWS2YFH9JM0hz1ImbD2KJl74rM7eNsdqwQ5RLTGaDUHBtup0i+vIzZ28e2nQqDw6MPegR/dWy0znztAIHuh6BuqaFJtPuxB2tfwBBJnpRTFJYH5IktwGKoIRNGqVDPFQBpJ9syZqBAHmRR7ghCHncdWgadVRxvZeykH+cM1+coSKqGHzdGooGPHa1d9/6hcxHDl4P5WJJW6Zn4pVIc5KLzL/3/5semdXcfca5Mz+gu43VICRMHPelOwdu1qbp4yRe2esiLDb7TNWcFL6+cg4BQq5s7IJquJES2wgJtr2EH8lJsLMxvhYfaKC+xSPK8ZD2UgmOssAfflEJZqBGbQdGENVQ43Z3tABpGqiylxuPS4Pktuh2yY8VkGB7BHU6Z4arZN4S+K9WEJFCyevaP5XbSlVSqbtAXNgJunUGiZ59bouhWmbo8Tv3nQH637u/xYWvzRpZnYNrcGVi5zsKe8GJWM= akijakya@akijakya"
          },
          "private": "eyJzY2hlbWFfdmVyc2lvbiI6IjEifQ=="
        }
      ]
    },
    {
      "mode": "managed",
      "type": "aws_security_group",
      "name": "akijakya-nagios",
      "provider": "provider.aws",
      "instances": [
        {
          "schema_version": 1,
          "attributes": {
            "arn": "arn:aws:ec2:eu-central-1:124429370407:security-group/sg-0595b911160594b1e",
            "description": "Sec group for akijakyas server to be watched by Nagios",
            "egress": [
              {
                "cidr_blocks": [
                  "0.0.0.0/0"
                ],
                "description": "",
                "from_port": 0,
                "ipv6_cidr_blocks": [],
                "prefix_list_ids": [],
                "protocol": "-1",
                "security_groups": [],
                "self": false,
                "to_port": 0
              }
            ],
            "id": "sg-0595b911160594b1e",
            "ingress": [
              {
                "cidr_blocks": [
                  "0.0.0.0/0"
                ],
                "description": "",
                "from_port": 22,
                "ipv6_cidr_blocks": [],
                "prefix_list_ids": [],
                "protocol": "tcp",
                "security_groups": [],
                "self": false,
                "to_port": 22
              },
              {
                "cidr_blocks": [
                  "0.0.0.0/0"
                ],
                "description": "",
                "from_port": 80,
                "ipv6_cidr_blocks": [],
                "prefix_list_ids": [],
                "protocol": "tcp",
                "security_groups": [],
                "self": false,
                "to_port": 80
              }
            ],
            "name": "akijakya-nagios",
            "name_prefix": null,
            "owner_id": "124429370407",
            "revoke_rules_on_delete": false,
            "tags": null,
            "timeouts": null,
            "vpc_id": "vpc-2038024b"
          },
          "private": "eyJlMmJmYjczMC1lY2FhLTExZTYtOGY4OC0zNDM2M2JjN2M0YzAiOnsiY3JlYXRlIjo2MDAwMDAwMDAwMDAsImRlbGV0ZSI6NjAwMDAwMDAwMDAwfSwic2NoZW1hX3ZlcnNpb24iOiIxIn0="
        }
      ]
    }
  ]
}
