{
  "version": 4,
  "terraform_version": "0.12.19",
  "serial": 94,
  "lineage": "5d6f0b13-bd54-017c-29f9-7ec891024b70",
  "outputs": {
    "instance_ips": {
      "value": [
        [
          "18.184.233.106"
        ]
      ],
      "type": [
        "tuple",
        [
          [
            "tuple",
            [
              "string"
            ]
          ]
        ]
      ]
    }
  },
  "resources": [
    {
      "mode": "managed",
      "type": "aws_instance",
      "name": "web",
      "provider": "provider.aws",
      "instances": [
        {
          "schema_version": 1,
          "attributes": {
            "ami": "ami-0cc0a36f626a4fdf5",
            "arn": "arn:aws:ec2:eu-central-1:124429370407:instance/i-0f1385b17d124f8ad",
            "associate_public_ip_address": true,
            "availability_zone": "eu-central-1b",
            "cpu_core_count": 1,
            "cpu_threads_per_core": 1,
            "credit_specification": [
              {
                "cpu_credits": "standard"
              }
            ],
            "disable_api_termination": false,
            "ebs_block_device": [],
            "ebs_optimized": false,
            "ephemeral_block_device": [],
            "get_password_data": false,
            "host_id": null,
            "iam_instance_profile": "",
            "id": "i-0f1385b17d124f8ad",
            "instance_initiated_shutdown_behavior": null,
            "instance_state": "running",
            "instance_type": "t2.micro",
            "ipv6_address_count": 0,
            "ipv6_addresses": [],
            "key_name": "nagios-test",
            "monitoring": false,
            "network_interface": [],
            "network_interface_id": null,
            "password_data": "",
            "placement_group": "",
            "primary_network_interface_id": "eni-09e13f2476a8f8846",
            "private_dns": "ip-172-31-35-129.eu-central-1.compute.internal",
            "private_ip": "172.31.35.129",
            "public_dns": "ec2-18-184-233-106.eu-central-1.compute.amazonaws.com",
            "public_ip": "18.184.233.106",
            "root_block_device": [
              {
                "delete_on_termination": true,
                "encrypted": false,
                "iops": 100,
                "kms_key_id": "",
                "volume_id": "vol-0dfb39ea65ddac929",
                "volume_size": 8,
                "volume_type": "gp2"
              }
            ],
            "security_groups": [
              "akijakya-nagios"
            ],
            "source_dest_check": true,
            "subnet_id": "subnet-a5e5bcd8",
            "tags": {
              "Name": "Nagios-akijakya"
            },
            "tenancy": "default",
            "timeouts": null,
            "user_data": "5306de594e42e308b3e3360725df120632a233e9",
            "user_data_base64": null,
            "volume_tags": {},
            "vpc_security_group_ids": [
              "sg-0c12ef44e2c06e79b"
            ]
          },
          "private": "eyJlMmJmYjczMC1lY2FhLTExZTYtOGY4OC0zNDM2M2JjN2M0YzAiOnsiY3JlYXRlIjo2MDAwMDAwMDAwMDAsImRlbGV0ZSI6MTIwMDAwMDAwMDAwMCwidXBkYXRlIjo2MDAwMDAwMDAwMDB9LCJzY2hlbWFfdmVyc2lvbiI6IjEifQ==",
          "dependencies": [
            "aws_key_pair.nagios-test",
            "aws_security_group.akijakya-nagios"
          ]
        }
      ]
    },
    {
      "mode": "managed",
      "type": "aws_key_pair",
      "name": "nagios-test",
      "provider": "provider.aws",
      "instances": [
        {
          "schema_version": 1,
          "attributes": {
            "fingerprint": "38:17:81:77:7a:46:37:09:e5:07:c3:87:94:3b:0d:c7",
            "id": "nagios-test",
            "key_name": "nagios-test",
            "key_name_prefix": null,
            "public_key": "ssh-rsa AAAAB3NzaC1yc2EAAAADAQABAAABgQCpGLmoJeIJy9YHYKbnw/vVuq1SxmFQjWHxRGizK9LLLGGOrDLFTYHzUAnIKnfszsr0UPGyhwYMPO1btRK8EKO3GapdiYiQAD+yAUKkGCeqsU+OK3HdJy85h+2bnOJfJM8tQK7VLyrUBXz8BuQJwLuiQY4euPZ5exLZ9aEx85lWF1hUoWVK8PnWADQjdpwXVaFvsBWyuw98yIvBYVoBt+z3VRJ3dvyVmQaWSw5JajTfYMjIApCdolXvVb6CQJ//pI3qc7RTkBNwNGUqaJb5Gp3Est4udwzvGOiPAc6lysy1Dx0wyXl1XftaioQuWfvPrCWcnwcCZtTGfZU77Mor3MECIUzoSrALZpTKvb5NY9jAOv46qePA0D4p2BTqYncYQiHrigHh4zrWYwypvcO5tu/L8Jr12dU2wT84FvxZLNKkuTF7TDy2FUjHyDkYXNiQQrqshAZRnQVPILDx2leeJRlhJDlVvf/NXN/bWjgvLLSPvOSt9baBFJpJDrN1IQYtdFE= akijakya@akijakya"
          },
          "private": "eyJzY2hlbWFfdmVyc2lvbiI6IjEifQ=="
        }
      ]
    },
    {
      "mode": "managed",
      "type": "aws_security_group",
      "name": "akijakya-nagios",
      "provider": "provider.aws",
      "instances": [
        {
          "schema_version": 1,
          "attributes": {
            "arn": "arn:aws:ec2:eu-central-1:124429370407:security-group/sg-0c12ef44e2c06e79b",
            "description": "Sec group for akijakyas server to run Nagios",
            "egress": [
              {
                "cidr_blocks": [
                  "0.0.0.0/0"
                ],
                "description": "",
                "from_port": 0,
                "ipv6_cidr_blocks": [],
                "prefix_list_ids": [],
                "protocol": "-1",
                "security_groups": [],
                "self": false,
                "to_port": 0
              }
            ],
            "id": "sg-0c12ef44e2c06e79b",
            "ingress": [
              {
                "cidr_blocks": [
                  "0.0.0.0/0"
                ],
                "description": "",
                "from_port": 22,
                "ipv6_cidr_blocks": [],
                "prefix_list_ids": [],
                "protocol": "tcp",
                "security_groups": [],
                "self": false,
                "to_port": 22
              },
              {
                "cidr_blocks": [
                  "0.0.0.0/0"
                ],
                "description": "",
                "from_port": 80,
                "ipv6_cidr_blocks": [],
                "prefix_list_ids": [],
                "protocol": "tcp",
                "security_groups": [],
                "self": false,
                "to_port": 80
              }
            ],
            "name": "akijakya-nagios",
            "name_prefix": null,
            "owner_id": "124429370407",
            "revoke_rules_on_delete": false,
            "tags": null,
            "timeouts": null,
            "vpc_id": "vpc-2038024b"
          },
          "private": "eyJlMmJmYjczMC1lY2FhLTExZTYtOGY4OC0zNDM2M2JjN2M0YzAiOnsiY3JlYXRlIjo2MDAwMDAwMDAwMDAsImRlbGV0ZSI6NjAwMDAwMDAwMDAwfSwic2NoZW1hX3ZlcnNpb24iOiIxIn0="
        }
      ]
    }
  ]
}
