{
  "version": 4,
  "terraform_version": "0.12.20",
  "serial": 145,
  "lineage": "3baf0a8d-1cde-a695-98ea-da3a31aa668a",
  "outputs": {
    "instance_ips": {
      "value": [
        [
          "18.195.169.108"
        ]
      ],
      "type": [
        "tuple",
        [
          [
            "tuple",
            [
              "string"
            ]
          ]
        ]
      ]
    }
  },
  "resources": [
    {
      "mode": "managed",
      "type": "aws_instance",
      "name": "web",
      "provider": "provider.aws",
      "instances": [
        {
          "schema_version": 1,
          "attributes": {
            "ami": "ami-0cc0a36f626a4fdf5",
            "arn": "arn:aws:ec2:eu-central-1:124429370407:instance/i-0299a3b78cdb00096",
            "associate_public_ip_address": true,
            "availability_zone": "eu-central-1b",
            "cpu_core_count": 1,
            "cpu_threads_per_core": 1,
            "credit_specification": [
              {
                "cpu_credits": "standard"
              }
            ],
            "disable_api_termination": false,
            "ebs_block_device": [],
            "ebs_optimized": false,
            "ephemeral_block_device": [],
            "get_password_data": false,
            "host_id": null,
            "iam_instance_profile": "",
            "id": "i-0299a3b78cdb00096",
            "instance_initiated_shutdown_behavior": null,
            "instance_state": "running",
            "instance_type": "t2.micro",
            "ipv6_address_count": 0,
            "ipv6_addresses": [],
            "key_name": "server-monitor-test",
            "monitoring": false,
            "network_interface": [],
            "network_interface_id": null,
            "password_data": "",
            "placement_group": "",
            "primary_network_interface_id": "eni-00384e498b8b690ba",
            "private_dns": "ip-172-31-45-220.eu-central-1.compute.internal",
            "private_ip": "172.31.45.220",
            "public_dns": "ec2-18-195-169-108.eu-central-1.compute.amazonaws.com",
            "public_ip": "18.195.169.108",
            "root_block_device": [
              {
                "delete_on_termination": true,
                "encrypted": false,
                "iops": 100,
                "kms_key_id": "",
                "volume_id": "vol-07195251cf0d1c1fe",
                "volume_size": 8,
                "volume_type": "gp2"
              }
            ],
            "security_groups": [
              "akijakya-server-to-monitor"
            ],
            "source_dest_check": true,
            "subnet_id": "subnet-a5e5bcd8",
            "tags": {
              "Name": "Server-to-monitor"
            },
            "tenancy": "default",
            "timeouts": null,
            "user_data": "1778479ae4df18b12669823d545dafad89ed5d69",
            "user_data_base64": null,
            "volume_tags": {},
            "vpc_security_group_ids": [
              "sg-0b9db0d6c5fd79590"
            ]
          },
          "private": "eyJlMmJmYjczMC1lY2FhLTExZTYtOGY4OC0zNDM2M2JjN2M0YzAiOnsiY3JlYXRlIjo2MDAwMDAwMDAwMDAsImRlbGV0ZSI6MTIwMDAwMDAwMDAwMCwidXBkYXRlIjo2MDAwMDAwMDAwMDB9LCJzY2hlbWFfdmVyc2lvbiI6IjEifQ==",
          "dependencies": [
            "aws_key_pair.server-monitor-test",
            "aws_security_group.akijakya-server-to-monitor"
          ]
        }
      ]
    },
    {
      "mode": "managed",
      "type": "aws_key_pair",
      "name": "server-monitor-test",
      "provider": "provider.aws",
      "instances": [
        {
          "schema_version": 1,
          "attributes": {
            "fingerprint": "a8:d3:57:b0:3d:15:95:78:b3:e1:64:4a:0c:26:01:8b",
            "id": "server-monitor-test",
            "key_name": "server-monitor-test",
            "key_name_prefix": null,
            "key_pair_id": "key-0924990f21d234e8b",
            "public_key": "ssh-rsa AAAAB3NzaC1yc2EAAAADAQABAAABgQCqy6Au3zI59W7Q8bwygN3B5+P1/CGOBHfXWqeYLW+0t8bdJKfEIoETC2+vxDT0QzIZTdnggyYHy+j0vNV8M6kH+l12eaq2A4wWJykeaUzhKkyku0R0JliUM7m0hYxKvGavvENMR68yqg05Ps4bw2RA4WE+0qrlGyDdYLNOzFFw1Qgs8fIWFkWC5SOSfIVm5219RxSd14IRF4vvzBjqJ+OioyiaA36NKPb0d19yKfXpAC6WJ+nvTSYH24B1aT926wQVmv7wWIIeR65W7kAv0EdOO4waTLnx/azAS2lpnqWb9jVagCI2IgpktAbd6eRtIVMb+MBVWpRcjKs5HbpNddDKNQ7PUMxVZkmAyDE2FycjSZQUXmXaYjH19S/77C0FNoPHOsJfdT5HmX1Im017UjcWO5hYuoIy6xcNYJQFDpkdhx1W4hog0efb3H9CQECbLKR35T22So7J2ZHvLtKUKwpa2dpZ9vaArQmdf0enVOgIPmAu5cvoirO3uM6etFFRyA8= akijakya@akijakya",
            "tags": null
          },
          "private": "eyJzY2hlbWFfdmVyc2lvbiI6IjEifQ=="
        }
      ]
    },
    {
      "mode": "managed",
      "type": "aws_security_group",
      "name": "akijakya-server-to-monitor",
      "provider": "provider.aws",
      "instances": [
        {
          "schema_version": 1,
          "attributes": {
            "arn": "arn:aws:ec2:eu-central-1:124429370407:security-group/sg-0b9db0d6c5fd79590",
            "description": "Sec group for akijakyas server to be watched by monitoring services",
            "egress": [
              {
                "cidr_blocks": [
                  "0.0.0.0/0"
                ],
                "description": "",
                "from_port": 0,
                "ipv6_cidr_blocks": [],
                "prefix_list_ids": [],
                "protocol": "-1",
                "security_groups": [],
                "self": false,
                "to_port": 0
              }
            ],
            "id": "sg-0b9db0d6c5fd79590",
            "ingress": [
              {
                "cidr_blocks": [
                  "0.0.0.0/0"
                ],
                "description": "",
                "from_port": 22,
                "ipv6_cidr_blocks": [],
                "prefix_list_ids": [],
                "protocol": "tcp",
                "security_groups": [],
                "self": false,
                "to_port": 22
              },
              {
                "cidr_blocks": [
                  "0.0.0.0/0"
                ],
                "description": "",
                "from_port": 80,
                "ipv6_cidr_blocks": [],
                "prefix_list_ids": [],
                "protocol": "tcp",
                "security_groups": [],
                "self": false,
                "to_port": 80
              }
            ],
            "name": "akijakya-server-to-monitor",
            "name_prefix": null,
            "owner_id": "124429370407",
            "revoke_rules_on_delete": false,
            "tags": null,
            "timeouts": null,
            "vpc_id": "vpc-2038024b"
          },
          "private": "eyJlMmJmYjczMC1lY2FhLTExZTYtOGY4OC0zNDM2M2JjN2M0YzAiOnsiY3JlYXRlIjo2MDAwMDAwMDAwMDAsImRlbGV0ZSI6NjAwMDAwMDAwMDAwfSwic2NoZW1hX3ZlcnNpb24iOiIxIn0="
        }
      ]
    }
  ]
}
