{
  "version": 4,
  "terraform_version": "0.12.20",
  "serial": 28,
  "lineage": "1ba1bb87-9a75-ad04-1dae-c3ae927cbdf2",
  "outputs": {
    "instance_ips": {
      "value": [
        [
          "54.93.212.197"
        ]
      ],
      "type": [
        "tuple",
        [
          [
            "tuple",
            [
              "string"
            ]
          ]
        ]
      ]
    }
  },
  "resources": [
    {
      "mode": "managed",
      "type": "aws_instance",
      "name": "web",
      "provider": "provider.aws",
      "instances": [
        {
          "schema_version": 1,
          "attributes": {
            "ami": "ami-0cc0a36f626a4fdf5",
            "arn": "arn:aws:ec2:eu-central-1:124429370407:instance/i-0d97d013d3b3b7b53",
            "associate_public_ip_address": true,
            "availability_zone": "eu-central-1b",
            "cpu_core_count": 2,
            "cpu_threads_per_core": 1,
            "credit_specification": [
              {
                "cpu_credits": "standard"
              }
            ],
            "disable_api_termination": false,
            "ebs_block_device": [],
            "ebs_optimized": false,
            "ephemeral_block_device": [],
            "get_password_data": false,
            "host_id": null,
            "iam_instance_profile": "",
            "id": "i-0d97d013d3b3b7b53",
            "instance_initiated_shutdown_behavior": null,
            "instance_state": "running",
            "instance_type": "t2.medium",
            "ipv6_address_count": 0,
            "ipv6_addresses": [],
            "key_name": "ELK-test",
            "monitoring": false,
            "network_interface": [],
            "network_interface_id": null,
            "password_data": "",
            "placement_group": "",
            "primary_network_interface_id": "eni-0b7b88d24566dec8e",
            "private_dns": "ip-172-31-47-203.eu-central-1.compute.internal",
            "private_ip": "172.31.47.203",
            "public_dns": "ec2-54-93-212-197.eu-central-1.compute.amazonaws.com",
            "public_ip": "54.93.212.197",
            "root_block_device": [
              {
                "delete_on_termination": true,
                "encrypted": false,
                "iops": 100,
                "kms_key_id": "",
                "volume_id": "vol-09b93160ac3bee3cc",
                "volume_size": 8,
                "volume_type": "gp2"
              }
            ],
            "security_groups": [
              "akijakya-ELK"
            ],
            "source_dest_check": true,
            "subnet_id": "subnet-a5e5bcd8",
            "tags": {
              "Name": "ELK-akijakya"
            },
            "tenancy": "default",
            "timeouts": null,
            "user_data": "5863743a97742e46e1baa5065282b1a30d169923",
            "user_data_base64": null,
            "volume_tags": {},
            "vpc_security_group_ids": [
              "sg-05650233f59666bc7"
            ]
          },
          "private": "eyJlMmJmYjczMC1lY2FhLTExZTYtOGY4OC0zNDM2M2JjN2M0YzAiOnsiY3JlYXRlIjo2MDAwMDAwMDAwMDAsImRlbGV0ZSI6MTIwMDAwMDAwMDAwMCwidXBkYXRlIjo2MDAwMDAwMDAwMDB9LCJzY2hlbWFfdmVyc2lvbiI6IjEifQ==",
          "dependencies": [
            "aws_key_pair.ELK-test",
            "aws_security_group.akijakya-ELK"
          ]
        }
      ]
    },
    {
      "mode": "managed",
      "type": "aws_key_pair",
      "name": "ELK-test",
      "provider": "provider.aws",
      "instances": [
        {
          "schema_version": 1,
          "attributes": {
            "fingerprint": "af:54:9e:f1:70:ab:ef:b3:a5:f1:e2:a5:c1:d7:62:25",
            "id": "ELK-test",
            "key_name": "ELK-test",
            "key_name_prefix": null,
            "key_pair_id": "key-0a27d9a7935b0ac26",
            "public_key": "ssh-rsa AAAAB3NzaC1yc2EAAAADAQABAAABgQDREx65gD7w7EKutAIG10fplX0tNiVm7Nyjn+WjgVByJ9mrICOkWdnHLk2OeerFAdG0qSdTsZlr45wxkdX6lnpHsEz9nLh12+bSnDv+0sCNXEXSNzFmHumtqhqHPeeCJk2bNY7NYhG7UaKVfYGbOZGdKppAykb/0byfFDADqvFATvusQxYi0TgSw4A/uvLb6bnB54/7wix2sObeHzyY/dcPALTfWazVaESGSUkWEN0d2zFl+JgA1ULj/xgMKZUJPJj6FMkwermRwEbM4/tPpCmABbFhW7QsKO/tiKlJ2+sE6LAqFAmHF9l5aotLU8Bq4zH4zS0wln1BVMp9pvQI8usiXhuQFrzVcgeQj0p+O5rCG1jdmagWnkaJvzJ5U+umKyXchR54v4ijduy0H7FcUxAtm+JrfssSexT+gWIxn0bIhKY3ypbw7AJMujyVafA4JHMp8Gb2OgPJk/L4XIytzuZ8tySS9QMJegyCuI8EwA1+0KArqyM/M7kmSbokbE8CS2k= akijakya@akijakya",
            "tags": null
          },
          "private": "eyJzY2hlbWFfdmVyc2lvbiI6IjEifQ=="
        }
      ]
    },
    {
      "mode": "managed",
      "type": "aws_security_group",
      "name": "akijakya-ELK",
      "provider": "provider.aws",
      "instances": [
        {
          "schema_version": 1,
          "attributes": {
            "arn": "arn:aws:ec2:eu-central-1:124429370407:security-group/sg-05650233f59666bc7",
            "description": "Sec group for akijakyas server to run ELK Stack",
            "egress": [
              {
                "cidr_blocks": [
                  "0.0.0.0/0"
                ],
                "description": "",
                "from_port": 0,
                "ipv6_cidr_blocks": [],
                "prefix_list_ids": [],
                "protocol": "-1",
                "security_groups": [],
                "self": false,
                "to_port": 0
              }
            ],
            "id": "sg-05650233f59666bc7",
            "ingress": [
              {
                "cidr_blocks": [
                  "0.0.0.0/0"
                ],
                "description": "",
                "from_port": 22,
                "ipv6_cidr_blocks": [],
                "prefix_list_ids": [],
                "protocol": "tcp",
                "security_groups": [],
                "self": false,
                "to_port": 22
              },
              {
                "cidr_blocks": [
                  "0.0.0.0/0"
                ],
                "description": "",
                "from_port": 80,
                "ipv6_cidr_blocks": [],
                "prefix_list_ids": [],
                "protocol": "tcp",
                "security_groups": [],
                "self": false,
                "to_port": 80
              },
              {
                "cidr_blocks": [
                  "0.0.0.0/0"
                ],
                "description": "Elasticsearch HTTP",
                "from_port": 9200,
                "ipv6_cidr_blocks": [],
                "prefix_list_ids": [],
                "protocol": "tcp",
                "security_groups": [],
                "self": false,
                "to_port": 9200
              },
              {
                "cidr_blocks": [
                  "0.0.0.0/0"
                ],
                "description": "Elasticsearch TCP transport",
                "from_port": 9300,
                "ipv6_cidr_blocks": [],
                "prefix_list_ids": [],
                "protocol": "tcp",
                "security_groups": [],
                "self": false,
                "to_port": 9300
              },
              {
                "cidr_blocks": [
                  "0.0.0.0/0"
                ],
                "description": "Kibana",
                "from_port": 5601,
                "ipv6_cidr_blocks": [],
                "prefix_list_ids": [],
                "protocol": "tcp",
                "security_groups": [],
                "self": false,
                "to_port": 5601
              },
              {
                "cidr_blocks": [
                  "0.0.0.0/0"
                ],
                "description": "Logstash TCP input",
                "from_port": 5000,
                "ipv6_cidr_blocks": [],
                "prefix_list_ids": [],
                "protocol": "tcp",
                "security_groups": [],
                "self": false,
                "to_port": 5000
              }
            ],
            "name": "akijakya-ELK",
            "name_prefix": null,
            "owner_id": "124429370407",
            "revoke_rules_on_delete": false,
            "tags": null,
            "timeouts": null,
            "vpc_id": "vpc-2038024b"
          },
          "private": "eyJlMmJmYjczMC1lY2FhLTExZTYtOGY4OC0zNDM2M2JjN2M0YzAiOnsiY3JlYXRlIjo2MDAwMDAwMDAwMDAsImRlbGV0ZSI6NjAwMDAwMDAwMDAwfSwic2NoZW1hX3ZlcnNpb24iOiIxIn0="
        }
      ]
    }
  ]
}
